
Microsoft Visual Studio Solution File, Format Version 12.00
# Visual Studio Version 16
VisualStudioVersion = 16.0.29911.84
MinimumVisualStudioVersion = 10.0.40219.1
Project("{9A19103F-16F7-4668-BE54-9A1E7A4F7556}") = "Website", "Website\Website.csproj", "{836F090B-2C5A-4D74-817E-F2BE611665EB}"
EndProject
Global
	GlobalSection(SolutionConfigurationPlatforms) = preSolution
		Debug|Any CPU = Debug|Any CPU
		Release|Any CPU = Release|Any CPU
	EndGlobalSection
	GlobalSection(ProjectConfigurationPlatforms) = postSolution
		{836F090B-2C5A-4D74-817E-F2BE611665EB}.Debug|Any CPU.ActiveCfg = Debug|Any CPU
		{836F090B-2C5A-4D74-817E-F2BE611665EB}.Debug|Any CPU.Build.0 = Debug|Any CPU
		{836F090B-2C5A-4D74-817E-F2BE611665EB}.Release|Any CPU.ActiveCfg = Release|Any CPU
		{836F090B-2C5A-4D74-817E-F2BE611665EB}.Release|Any CPU.Build.0 = Release|Any CPU
	EndGlobalSection
	GlobalSection(SolutionProperties) = preSolution
		HideSolutionNode = FALSE
	EndGlobalSection
	GlobalSection(ExtensibilityGlobals) = postSolution
		SolutionGuid = {B349811A-BB1A-4FE4-B6C2-7C5F5EEDD9B8}
	EndGlobalSection
EndGlobal
